
Microsoft Visual Studio Solution File, Format Version 12.00
Project("{FAE04EC0-301F-11D3-BF4B-00C04F79EFBC}") = "YTT_5_2", "YTT_5_2\YTT_5_2.csproj", "{1D8D88BA-5098-4A04-8CD6-1BBDF59EEF34}"
EndProject
Global
	GlobalSection(SolutionConfigurationPlatforms) = preSolution
		Debug|Any CPU = Debug|Any CPU
		Release|Any CPU = Release|Any CPU
	EndGlobalSection
	GlobalSection(ProjectConfigurationPlatforms) = postSolution
		{1D8D88BA-5098-4A04-8CD6-1BBDF59EEF34}.Debug|Any CPU.ActiveCfg = Debug|Any CPU
		{1D8D88BA-5098-4A04-8CD6-1BBDF59EEF34}.Debug|Any CPU.Build.0 = Debug|Any CPU
		{1D8D88BA-5098-4A04-8CD6-1BBDF59EEF34}.Release|Any CPU.ActiveCfg = Release|Any CPU
		{1D8D88BA-5098-4A04-8CD6-1BBDF59EEF34}.Release|Any CPU.Build.0 = Release|Any CPU
	EndGlobalSection
EndGlobal
